
Microsoft Visual Studio Solution File, Format Version 12.00
# Visual Studio Version 16
VisualStudioVersion = 16.0.31729.503
MinimumVisualStudioVersion = 10.0.40219.1
Project("{FAE04EC0-301F-11D3-BF4B-00C04F79EFBC}") = "HomeApp.UWP", "HomeApp\HomeApp.UWP\HomeApp.UWP.csproj", "{D5597FE0-1219-49B2-8AF9-E7143918F259}"
EndProject
Project("{FAE04EC0-301F-11D3-BF4B-00C04F79EFBC}") = "HomeApp.Android", "HomeApp\HomeApp.Android\HomeApp.Android.csproj", "{57BA6280-C5B5-451C-99B9-9131FB114996}"
EndProject
Project("{FAE04EC0-301F-11D3-BF4B-00C04F79EFBC}") = "HomeApp.iOS", "HomeApp\HomeApp.iOS\HomeApp.iOS.csproj", "{F1B1C043-55E2-4D31-8140-20975DEB8DE2}"
EndProject
Project("{FAE04EC0-301F-11D3-BF4B-00C04F79EFBC}") = "HomeApp", "HomeApp\HomeApp\HomeApp.csproj", "{C75834F5-F044-4BE4-A95C-B4FF3BD9384E}"
EndProject
Global
	GlobalSection(SolutionConfigurationPlatforms) = preSolution
		Debug|Any CPU = Debug|Any CPU
		Debug|ARM = Debug|ARM
		Debug|iPhone = Debug|iPhone
		Debug|iPhoneSimulator = Debug|iPhoneSimulator
		Debug|x64 = Debug|x64
		Debug|x86 = Debug|x86
		Release|Any CPU = Release|Any CPU
		Release|ARM = Release|ARM
		Release|iPhone = Release|iPhone
		Release|iPhoneSimulator = Release|iPhoneSimulator
		Release|x64 = Release|x64
		Release|x86 = Release|x86
	EndGlobalSection
	GlobalSection(ProjectConfigurationPlatforms) = postSolution
		{D5597FE0-1219-49B2-8AF9-E7143918F259}.Debug|Any CPU.ActiveCfg = Debug|x86
		{D5597FE0-1219-49B2-8AF9-E7143918F259}.Debug|Any CPU.Build.0 = Debug|x86
		{D5597FE0-1219-49B2-8AF9-E7143918F259}.Debug|Any CPU.Deploy.0 = Debug|x86
		{D5597FE0-1219-49B2-8AF9-E7143918F259}.Debug|ARM.ActiveCfg = Debug|ARM
		{D5597FE0-1219-49B2-8AF9-E7143918F259}.Debug|ARM.Build.0 = Debug|ARM
		{D5597FE0-1219-49B2-8AF9-E7143918F259}.Debug|ARM.Deploy.0 = Debug|ARM
		{D5597FE0-1219-49B2-8AF9-E7143918F259}.Debug|iPhone.ActiveCfg = Debug|x86
		{D5597FE0-1219-49B2-8AF9-E7143918F259}.Debug|iPhone.Build.0 = Debug|x86
		{D5597FE0-1219-49B2-8AF9-E7143918F259}.Debug|iPhone.Deploy.0 = Debug|x86
		{D5597FE0-1219-49B2-8AF9-E7143918F259}.Debug|iPhoneSimulator.ActiveCfg = Debug|x86
		{D5597FE0-1219-49B2-8AF9-E7143918F259}.Debug|iPhoneSimulator.Build.0 = Debug|x86
		{D5597FE0-1219-49B2-8AF9-E7143918F259}.Debug|iPhoneSimulator.Deploy.0 = Debug|x86
		{D5597FE0-1219-49B2-8AF9-E7143918F259}.Debug|x64.ActiveCfg = Debug|x64
		{D5597FE0-1219-49B2-8AF9-E7143918F259}.Debug|x64.Build.0 = Debug|x64
		{D5597FE0-1219-49B2-8AF9-E7143918F259}.Debug|x64.Deploy.0 = Debug|x64
		{D5597FE0-1219-49B2-8AF9-E7143918F259}.Debug|x86.ActiveCfg = Debug|x86
		{D5597FE0-1219-49B2-8AF9-E7143918F259}.Debug|x86.Build.0 = Debug|x86
		{D5597FE0-1219-49B2-8AF9-E7143918F259}.Debug|x86.Deploy.0 = Debug|x86
		{D5597FE0-1219-49B2-8AF9-E7143918F259}.Release|Any CPU.ActiveCfg = Release|x86
		{D5597FE0-1219-49B2-8AF9-E7143918F259}.Release|Any CPU.Build.0 = Release|x86
		{D5597FE0-1219-49B2-8AF9-E7143918F259}.Release|Any CPU.Deploy.0 = Release|x86
		{D5597FE0-1219-49B2-8AF9-E7143918F259}.Release|ARM.ActiveCfg = Release|ARM
		{D5597FE0-1219-49B2-8AF9-E7143918F259}.Release|ARM.Build.0 = Release|ARM
		{D5597FE0-1219-49B2-8AF9-E7143918F259}.Release|ARM.Deploy.0 = Release|ARM
		{D5597FE0-1219-49B2-8AF9-E7143918F259}.Release|iPhone.ActiveCfg = Release|x86
		{D5597FE0-1219-49B2-8AF9-E7143918F259}.Release|iPhone.Build.0 = Release|x86
		{D5597FE0-1219-49B2-8AF9-E7143918F259}.Release|iPhone.Deploy.0 = Release|x86
		{D5597FE0-1219-49B2-8AF9-E7143918F259}.Release|iPhoneSimulator.ActiveCfg = Release|x86
		{D5597FE0-1219-49B2-8AF9-E7143918F259}.Release|iPhoneSimulator.Build.0 = Release|x86
		{D5597FE0-1219-49B2-8AF9-E7143918F259}.Release|iPhoneSimulator.Deploy.0 = Release|x86
		{D5597FE0-1219-49B2-8AF9-E7143918F259}.Release|x64.ActiveCfg = Release|x64
		{D5597FE0-1219-49B2-8AF9-E7143918F259}.Release|x64.Build.0 = Release|x64
		{D5597FE0-1219-49B2-8AF9-E7143918F259}.Release|x64.Deploy.0 = Release|x64
		{D5597FE0-1219-49B2-8AF9-E7143918F259}.Release|x86.ActiveCfg = Release|x86
		{D5597FE0-1219-49B2-8AF9-E7143918F259}.Release|x86.Build.0 = Release|x86
		{D5597FE0-1219-49B2-8AF9-E7143918F259}.Release|x86.Deploy.0 = Release|x86
		{57BA6280-C5B5-451C-99B9-9131FB114996}.Debug|Any CPU.ActiveCfg = Debug|Any CPU
		{57BA6280-C5B5-451C-99B9-9131FB114996}.Debug|Any CPU.Build.0 = Debug|Any CPU
		{57BA6280-C5B5-451C-99B9-9131FB114996}.Debug|Any CPU.Deploy.0 = Debug|Any CPU
		{57BA6280-C5B5-451C-99B9-9131FB114996}.Debug|ARM.ActiveCfg = Debug|Any CPU
		{57BA6280-C5B5-451C-99B9-9131FB114996}.Debug|ARM.Build.0 = Debug|Any CPU
		{57BA6280-C5B5-451C-99B9-9131FB114996}.Debug|ARM.Deploy.0 = Debug|Any CPU
		{57BA6280-C5B5-451C-99B9-9131FB114996}.Debug|iPhone.ActiveCfg = Debug|Any CPU
		{57BA6280-C5B5-451C-99B9-9131FB114996}.Debug|iPhone.Build.0 = Debug|Any CPU
		{57BA6280-C5B5-451C-99B9-9131FB114996}.Debug|iPhone.Deploy.0 = Debug|Any CPU
		{57BA6280-C5B5-451C-99B9-9131FB114996}.Debug|iPhoneSimulator.ActiveCfg = Debug|Any CPU
		{57BA6280-C5B5-451C-99B9-9131FB114996}.Debug|iPhoneSimulator.Build.0 = Debug|Any CPU
		{57BA6280-C5B5-451C-99B9-9131FB114996}.Debug|iPhoneSimulator.Deploy.0 = Debug|Any CPU
		{57BA6280-C5B5-451C-99B9-9131FB114996}.Debug|x64.ActiveCfg = Debug|Any CPU
		{57BA6280-C5B5-451C-99B9-9131FB114996}.Debug|x64.Build.0 = Debug|Any CPU
		{57BA6280-C5B5-451C-99B9-9131FB114996}.Debug|x64.Deploy.0 = Debug|Any CPU
		{57BA6280-C5B5-451C-99B9-9131FB114996}.Debug|x86.ActiveCfg = Debug|Any CPU
		{57BA6280-C5B5-451C-99B9-9131FB114996}.Debug|x86.Build.0 = Debug|Any CPU
		{57BA6280-C5B5-451C-99B9-9131FB114996}.Debug|x86.Deploy.0 = Debug|Any CPU
		{57BA6280-C5B5-451C-99B9-9131FB114996}.Release|Any CPU.ActiveCfg = Release|Any CPU
		{57BA6280-C5B5-451C-99B9-9131FB114996}.Release|Any CPU.Build.0 = Release|Any CPU
		{57BA6280-C5B5-451C-99B9-9131FB114996}.Release|Any CPU.Deploy.0 = Release|Any CPU
		{57BA6280-C5B5-451C-99B9-9131FB114996}.Release|ARM.ActiveCfg = Release|Any CPU
		{57BA6280-C5B5-451C-99B9-9131FB114996}.Release|ARM.Build.0 = Release|Any CPU
		{57BA6280-C5B5-451C-99B9-9131FB114996}.Release|ARM.Deploy.0 = Release|Any CPU
		{57BA6280-C5B5-451C-99B9-9131FB114996}.Release|iPhone.ActiveCfg = Release|Any CPU
		{57BA6280-C5B5-451C-99B9-9131FB114996}.Release|iPhone.Build.0 = Release|Any CPU
		{57BA6280-C5B5-451C-99B9-9131FB114996}.Release|iPhone.Deploy.0 = Release|Any CPU
		{57BA6280-C5B5-451C-99B9-9131FB114996}.Release|iPhoneSimulator.ActiveCfg = Release|Any CPU
		{57BA6280-C5B5-451C-99B9-9131FB114996}.Release|iPhoneSimulator.Build.0 = Release|Any CPU
		{57BA6280-C5B5-451C-99B9-9131FB114996}.Release|iPhoneSimulator.Deploy.0 = Release|Any CPU
		{57BA6280-C5B5-451C-99B9-9131FB114996}.Release|x64.ActiveCfg = Release|Any CPU
		{57BA6280-C5B5-451C-99B9-9131FB114996}.Release|x64.Build.0 = Release|Any CPU
		{57BA6280-C5B5-451C-99B9-9131FB114996}.Release|x64.Deploy.0 = Release|Any CPU
		{57BA6280-C5B5-451C-99B9-9131FB114996}.Release|x86.ActiveCfg = Release|Any CPU
		{57BA6280-C5B5-451C-99B9-9131FB114996}.Release|x86.Build.0 = Release|Any CPU
		{57BA6280-C5B5-451C-99B9-9131FB114996}.Release|x86.Deploy.0 = Release|Any CPU
		{F1B1C043-55E2-4D31-8140-20975DEB8DE2}.Debug|Any CPU.ActiveCfg = Debug|iPhoneSimulator
		{F1B1C043-55E2-4D31-8140-20975DEB8DE2}.Debug|Any CPU.Build.0 = Debug|iPhoneSimulator
		{F1B1C043-55E2-4D31-8140-20975DEB8DE2}.Debug|Any CPU.Deploy.0 = Debug|iPhoneSimulator
		{F1B1C043-55E2-4D31-8140-20975DEB8DE2}.Debug|ARM.ActiveCfg = Debug|iPhone
		{F1B1C043-55E2-4D31-8140-20975DEB8DE2}.Debug|ARM.Build.0 = Debug|iPhone
		{F1B1C043-55E2-4D31-8140-20975DEB8DE2}.Debug|ARM.Deploy.0 = Debug|iPhone
		{F1B1C043-55E2-4D31-8140-20975DEB8DE2}.Debug|iPhone.ActiveCfg = Debug|iPhone
		{F1B1C043-55E2-4D31-8140-20975DEB8DE2}.Debug|iPhone.Build.0 = Debug|iPhone
		{F1B1C043-55E2-4D31-8140-20975DEB8DE2}.Debug|iPhone.Deploy.0 = Debug|iPhone
		{F1B1C043-55E2-4D31-8140-20975DEB8DE2}.Debug|iPhoneSimulator.ActiveCfg = Debug|iPhoneSimulator
		{F1B1C043-55E2-4D31-8140-20975DEB8DE2}.Debug|iPhoneSimulator.Build.0 = Debug|iPhoneSimulator
		{F1B1C043-55E2-4D31-8140-20975DEB8DE2}.Debug|iPhoneSimulator.Deploy.0 = Debug|iPhoneSimulator
		{F1B1C043-55E2-4D31-8140-20975DEB8DE2}.Debug|x64.ActiveCfg = Debug|iPhoneSimulator
		{F1B1C043-55E2-4D31-8140-20975DEB8DE2}.Debug|x64.Build.0 = Debug|iPhoneSimulator
		{F1B1C043-55E2-4D31-8140-20975DEB8DE2}.Debug|x64.Deploy.0 = Debug|iPhoneSimulator
		{F1B1C043-55E2-4D31-8140-20975DEB8DE2}.Debug|x86.ActiveCfg = Debug|iPhoneSimulator
		{F1B1C043-55E2-4D31-8140-20975DEB8DE2}.Debug|x86.Build.0 = Debug|iPhoneSimulator
		{F1B1C043-55E2-4D31-8140-20975DEB8DE2}.Debug|x86.Deploy.0 = Debug|iPhoneSimulator
		{F1B1C043-55E2-4D31-8140-20975DEB8DE2}.Release|Any CPU.ActiveCfg = Release|iPhoneSimulator
		{F1B1C043-55E2-4D31-8140-20975DEB8DE2}.Release|Any CPU.Build.0 = Release|iPhoneSimulator
		{F1B1C043-55E2-4D31-8140-20975DEB8DE2}.Release|Any CPU.Deploy.0 = Release|iPhoneSimulator
		{F1B1C043-55E2-4D31-8140-20975DEB8DE2}.Release|ARM.ActiveCfg = Release|iPhoneSimulator
		{F1B1C043-55E2-4D31-8140-20975DEB8DE2}.Release|ARM.Build.0 = Release|iPhoneSimulator
		{F1B1C043-55E2-4D31-8140-20975DEB8DE2}.Release|ARM.Deploy.0 = Release|iPhoneSimulator
		{F1B1C043-55E2-4D31-8140-20975DEB8DE2}.Release|iPhone.ActiveCfg = Release|iPhone
		{F1B1C043-55E2-4D31-8140-20975DEB8DE2}.Release|iPhone.Build.0 = Release|iPhone
		{F1B1C043-55E2-4D31-8140-20975DEB8DE2}.Release|iPhone.Deploy.0 = Release|iPhone
		{F1B1C043-55E2-4D31-8140-20975DEB8DE2}.Release|iPhoneSimulator.ActiveCfg = Release|iPhoneSimulator
		{F1B1C043-55E2-4D31-8140-20975DEB8DE2}.Release|iPhoneSimulator.Build.0 = Release|iPhoneSimulator
		{F1B1C043-55E2-4D31-8140-20975DEB8DE2}.Release|iPhoneSimulator.Deploy.0 = Release|iPhoneSimulator
		{F1B1C043-55E2-4D31-8140-20975DEB8DE2}.Release|x64.ActiveCfg = Release|iPhoneSimulator
		{F1B1C043-55E2-4D31-8140-20975DEB8DE2}.Release|x64.Build.0 = Release|iPhoneSimulator
		{F1B1C043-55E2-4D31-8140-20975DEB8DE2}.Release|x64.Deploy.0 = Release|iPhoneSimulator
		{F1B1C043-55E2-4D31-8140-20975DEB8DE2}.Release|x86.ActiveCfg = Release|iPhoneSimulator
		{F1B1C043-55E2-4D31-8140-20975DEB8DE2}.Release|x86.Build.0 = Release|iPhoneSimulator
		{F1B1C043-55E2-4D31-8140-20975DEB8DE2}.Release|x86.Deploy.0 = Release|iPhoneSimulator
		{C75834F5-F044-4BE4-A95C-B4FF3BD9384E}.Debug|Any CPU.ActiveCfg = Debug|Any CPU
		{C75834F5-F044-4BE4-A95C-B4FF3BD9384E}.Debug|Any CPU.Build.0 = Debug|Any CPU
		{C75834F5-F044-4BE4-A95C-B4FF3BD9384E}.Debug|Any CPU.Deploy.0 = Debug|Any CPU
		{C75834F5-F044-4BE4-A95C-B4FF3BD9384E}.Debug|ARM.ActiveCfg = Debug|Any CPU
		{C75834F5-F044-4BE4-A95C-B4FF3BD9384E}.Debug|ARM.Build.0 = Debug|Any CPU
		{C75834F5-F044-4BE4-A95C-B4FF3BD9384E}.Debug|ARM.Deploy.0 = Debug|Any CPU
		{C75834F5-F044-4BE4-A95C-B4FF3BD9384E}.Debug|iPhone.ActiveCfg = Debug|Any CPU
		{C75834F5-F044-4BE4-A95C-B4FF3BD9384E}.Debug|iPhone.Build.0 = Debug|Any CPU
		{C75834F5-F044-4BE4-A95C-B4FF3BD9384E}.Debug|iPhone.Deploy.0 = Debug|Any CPU
		{C75834F5-F044-4BE4-A95C-B4FF3BD9384E}.Debug|iPhoneSimulator.ActiveCfg = Debug|Any CPU
		{C75834F5-F044-4BE4-A95C-B4FF3BD9384E}.Debug|iPhoneSimulator.Build.0 = Debug|Any CPU
		{C75834F5-F044-4BE4-A95C-B4FF3BD9384E}.Debug|iPhoneSimulator.Deploy.0 = Debug|Any CPU
		{C75834F5-F044-4BE4-A95C-B4FF3BD9384E}.Debug|x64.ActiveCfg = Debug|Any CPU
		{C75834F5-F044-4BE4-A95C-B4FF3BD9384E}.Debug|x64.Build.0 = Debug|Any CPU
		{C75834F5-F044-4BE4-A95C-B4FF3BD9384E}.Debug|x64.Deploy.0 = Debug|Any CPU
		{C75834F5-F044-4BE4-A95C-B4FF3BD9384E}.Debug|x86.ActiveCfg = Debug|Any CPU
		{C75834F5-F044-4BE4-A95C-B4FF3BD9384E}.Debug|x86.Build.0 = Debug|Any CPU
		{C75834F5-F044-4BE4-A95C-B4FF3BD9384E}.Debug|x86.Deploy.0 = Debug|Any CPU
		{C75834F5-F044-4BE4-A95C-B4FF3BD9384E}.Release|Any CPU.ActiveCfg = Release|Any CPU
		{C75834F5-F044-4BE4-A95C-B4FF3BD9384E}.Release|Any CPU.Build.0 = Release|Any CPU
		{C75834F5-F044-4BE4-A95C-B4FF3BD9384E}.Release|Any CPU.Deploy.0 = Release|Any CPU
		{C75834F5-F044-4BE4-A95C-B4FF3BD9384E}.Release|ARM.ActiveCfg = Release|Any CPU
		{C75834F5-F044-4BE4-A95C-B4FF3BD9384E}.Release|ARM.Build.0 = Release|Any CPU
		{C75834F5-F044-4BE4-A95C-B4FF3BD9384E}.Release|ARM.Deploy.0 = Release|Any CPU
		{C75834F5-F044-4BE4-A95C-B4FF3BD9384E}.Release|iPhone.ActiveCfg = Release|Any CPU
		{C75834F5-F044-4BE4-A95C-B4FF3BD9384E}.Release|iPhone.Build.0 = Release|Any CPU
		{C75834F5-F044-4BE4-A95C-B4FF3BD9384E}.Release|iPhone.Deploy.0 = Release|Any CPU
		{C75834F5-F044-4BE4-A95C-B4FF3BD9384E}.Release|iPhoneSimulator.ActiveCfg = Release|Any CPU
		{C75834F5-F044-4BE4-A95C-B4FF3BD9384E}.Release|iPhoneSimulator.Build.0 = Release|Any CPU
		{C75834F5-F044-4BE4-A95C-B4FF3BD9384E}.Release|iPhoneSimulator.Deploy.0 = Release|Any CPU
		{C75834F5-F044-4BE4-A95C-B4FF3BD9384E}.Release|x64.ActiveCfg = Release|Any CPU
		{C75834F5-F044-4BE4-A95C-B4FF3BD9384E}.Release|x64.Build.0 = Release|Any CPU
		{C75834F5-F044-4BE4-A95C-B4FF3BD9384E}.Release|x64.Deploy.0 = Release|Any CPU
		{C75834F5-F044-4BE4-A95C-B4FF3BD9384E}.Release|x86.ActiveCfg = Release|Any CPU
		{C75834F5-F044-4BE4-A95C-B4FF3BD9384E}.Release|x86.Build.0 = Release|Any CPU
		{C75834F5-F044-4BE4-A95C-B4FF3BD9384E}.Release|x86.Deploy.0 = Release|Any CPU
	EndGlobalSection
	GlobalSection(SolutionProperties) = preSolution
		HideSolutionNode = FALSE
	EndGlobalSection
	GlobalSection(ExtensibilityGlobals) = postSolution
		SolutionGuid = {CEA9B260-AA99-4017-856E-BB76F4EA7853}
	EndGlobalSection
EndGlobal
